{
  "name": "@warren-bank/translate-fdroid-metadata-text-files",
  "version": "3.0.0",
  "lockfileVersion": 3,
  "requires": true,
  "packages": {
    "": {
      "name": "@warren-bank/translate-fdroid-metadata-text-files",
      "version": "3.0.0",
      "license": "GPL-2.0",
      "dependencies": {
        "@warren-bank/multiapi-language-translator": "^1.1.0",
        "@warren-bank/node-process-argv": "^1.2.2"
      },
      "bin": {
        "translate-fdroid-metadata-text-files": "bin/translate-fdroid-metadata-text-files.js"
      }
    },
    "node_modules/@warren-bank/deepl-language-translator": {
      "version": "1.0.1",
      "resolved": "https://registry.npmjs.org/@warren-bank/deepl-language-translator/-/deepl-language-translator-1.0.1.tgz",
      "integrity": "sha512-NEUuLNqNGgZId0x5r0009V8xsAGWJBpx/hsrKW409nWt6XZ+jpmUsCA0WIe7LVtqOnClcdWOsotagcH5HNxuWw==",
      "dependencies": {
        "@warren-bank/node-process-argv": "^1.2.2"
      },
      "bin": {
        "deepl-translate": "bin/deepl-translate.js"
      }
    },
    "node_modules/@warren-bank/libre-language-translator": {
      "version": "2.0.1",
      "resolved": "https://registry.npmjs.org/@warren-bank/libre-language-translator/-/libre-language-translator-2.0.1.tgz",
      "integrity": "sha512-LsgxR5a4j4CS6URzJpT9XKX7JyhmMDj6H6eorFro7xC/OUAQvCLpJAt3uqDSswONrbMZj/Sx7FSVwEpfn1f/dw==",
      "dependencies": {
        "@warren-bank/node-process-argv": "^1.2.2"
      },
      "bin": {
        "libre-translate": "bin/libre-translate.js"
      }
    },
    "node_modules/@warren-bank/multiapi-language-translator": {
      "version": "1.1.0",
      "resolved": "https://registry.npmjs.org/@warren-bank/multiapi-language-translator/-/multiapi-language-translator-1.1.0.tgz",
      "integrity": "sha512-/Q6gWF4cFdvDBZTtp4nozzF4nWffrWFStqRMdFD6C5NgYoTTT/KJFkAmqH1K6YyF7z0OfPi98czWmDa2+HVsDw==",
      "dependencies": {
        "@warren-bank/deepl-language-translator": "^1.0.1",
        "@warren-bank/libre-language-translator": "^2.0.1"
      }
    },
    "node_modules/@warren-bank/node-process-argv": {
      "version": "1.2.2",
      "resolved": "https://registry.npmjs.org/@warren-bank/node-process-argv/-/node-process-argv-1.2.2.tgz",
      "integrity": "sha512-wZWDntPdBaQURyCgUhFGumjyt3ZbKmG6uQBqeiVKDr4IwaSTEnd3HYoPYPcCC1qMLKhmCphyt3aJHPXuJKd7iw=="
    }
  }
}
