{
  "name": "@warren-bank/translate-fdroid-metadata-text-files",
  "version": "2.0.0",
  "lockfileVersion": 3,
  "requires": true,
  "packages": {
    "": {
      "name": "@warren-bank/translate-fdroid-metadata-text-files",
      "version": "2.0.0",
      "license": "GPL-2.0",
      "dependencies": {
        "@warren-bank/libre-language-translator": "^2.0.0",
        "@warren-bank/node-process-argv": "^1.2.2"
      },
      "bin": {
        "translate-fdroid-metadata-text-files": "bin/translate-fdroid-metadata-text-files.js"
      }
    },
    "node_modules/@warren-bank/libre-language-translator": {
      "version": "2.0.0",
      "resolved": "https://registry.npmjs.org/@warren-bank/libre-language-translator/-/libre-language-translator-2.0.0.tgz",
      "integrity": "sha512-iGGFwXDJY0jpzIjkUUsgZRzNqx5h82hmTDpdLMLzimoY5VX1wwxW0DbzNrWQznHJbHQp/YJA+6O6s9OUoa/4iw==",
      "dependencies": {
        "@warren-bank/node-process-argv": "^1.2.2"
      },
      "bin": {
        "libre-translate": "bin/libre-translate.js"
      }
    },
    "node_modules/@warren-bank/node-process-argv": {
      "version": "1.2.2",
      "resolved": "https://registry.npmjs.org/@warren-bank/node-process-argv/-/node-process-argv-1.2.2.tgz",
      "integrity": "sha512-wZWDntPdBaQURyCgUhFGumjyt3ZbKmG6uQBqeiVKDr4IwaSTEnd3HYoPYPcCC1qMLKhmCphyt3aJHPXuJKd7iw=="
    }
  }
}
