{
  "name": "@warren-bank/translate-fdroid-metadata-text-files",
  "version": "1.0.0",
  "lockfileVersion": 2,
  "requires": true,
  "packages": {
    "": {
      "name": "@warren-bank/translate-fdroid-metadata-text-files",
      "version": "1.0.0",
      "license": "GPL-2.0",
      "dependencies": {
        "@warren-bank/ibm-watson-language-translator": "^1.1.0",
        "@warren-bank/node-process-argv": "^1.2.1"
      },
      "bin": {
        "translate-fdroid-metadata-text-files": "bin/translate-fdroid-metadata-text-files.js"
      }
    },
    "node_modules/@warren-bank/ibm-watson-language-translator": {
      "version": "1.1.0",
      "resolved": "https://registry.npmjs.org/@warren-bank/ibm-watson-language-translator/-/ibm-watson-language-translator-1.1.0.tgz",
      "integrity": "sha512-naMGuuchHCP926aWGGxP/19vzL3QHOAGhg+K6tvYKE9pkF5NGutzNpB/ibLxIQm7uJMuM4aLVjxT4qn7e/+JYA==",
      "dependencies": {
        "@warren-bank/node-process-argv": "^1.1.0"
      },
      "bin": {
        "ibm-translate": "bin/ibm-translate.js"
      }
    },
    "node_modules/@warren-bank/node-process-argv": {
      "version": "1.2.1",
      "resolved": "https://registry.npmjs.org/@warren-bank/node-process-argv/-/node-process-argv-1.2.1.tgz",
      "integrity": "sha512-QvdN+2kCJdYvZF5GDu822MJJtOGWw5Lq6wrzspHCU4KgRRniqSpRSX2BRMw9BIbFJ1/TdBWEpNjjpGSdh+FsyQ=="
    }
  },
  "dependencies": {
    "@warren-bank/ibm-watson-language-translator": {
      "version": "1.1.0",
      "resolved": "https://registry.npmjs.org/@warren-bank/ibm-watson-language-translator/-/ibm-watson-language-translator-1.1.0.tgz",
      "integrity": "sha512-naMGuuchHCP926aWGGxP/19vzL3QHOAGhg+K6tvYKE9pkF5NGutzNpB/ibLxIQm7uJMuM4aLVjxT4qn7e/+JYA==",
      "requires": {
        "@warren-bank/node-process-argv": "^1.1.0"
      }
    },
    "@warren-bank/node-process-argv": {
      "version": "1.2.1",
      "resolved": "https://registry.npmjs.org/@warren-bank/node-process-argv/-/node-process-argv-1.2.1.tgz",
      "integrity": "sha512-QvdN+2kCJdYvZF5GDu822MJJtOGWw5Lq6wrzspHCU4KgRRniqSpRSX2BRMw9BIbFJ1/TdBWEpNjjpGSdh+FsyQ=="
    }
  }
}
